<?xml version="1.0" encoding="utf-8"?>
<Project ToolsVersion="4.0" xmlns="http://schemas.microsoft.com/developer/msbuild/2003">
  <ItemGroup>
    <ClCompile Include="stdafx.cpp" />
    <ClCompile Include="main.cpp" />
    <ClCompile Include="Serial.cpp" />
    <ClCompile Include="Camera.cpp" />
  </ItemGroup>
  <ItemGroup>
    <ClInclude Include="resource.h" />
    <ClInclude Include="stdafx.h" />
    <ClInclude Include="Serial.h" />
    <ClInclude Include="Camera.h" />
  </ItemGroup>
  <ItemGroup>
    <ResourceCompile Include="FlyCapture2Test.rc" />
  </ItemGroup>
</Project>